
Microsoft Visual Studio Solution File, Format Version 12.00
Project("{FAE04EC0-301F-11D3-BF4B-00C04F79EFBC}") = "RestaurantAPI", "RestaurantAPI\RestaurantAPI.csproj", "{E3ACC081-42C1-49A0-A6E4-6B0BEB6DF258}"
EndProject
Project("{FAE04EC0-301F-11D3-BF4B-00C04F79EFBC}") = "Restaurant.AuditLogger", "Restaurant.AuditLogger\Restaurant.AuditLogger.csproj", "{5330D4F0-F067-4083-A744-DAA75FB69BFB}"
EndProject
Project("{FAE04EC0-301F-11D3-BF4B-00C04F79EFBC}") = "Restaurant.Messages", "Restaurant.Messages\Restaurant.Messages.csproj", "{D897C51A-868D-4059-9D7D-83660EAF943C}"
EndProject
Project("{FAE04EC0-301F-11D3-BF4B-00C04F79EFBC}") = "Restaurant.DishServer", "Restaurant.DishServer\Restaurant.DishServer.csproj", "{B6F803C2-D981-4562-B3C2-0A1202BAFF34}"
EndProject
Project("{FAE04EC0-301F-11D3-BF4B-00C04F79EFBC}") = "Restaurant.DishClient", "Restaurant.DishClient\Restaurant.DishClient.csproj", "{96F688D1-E01B-49E8-BFA0-209F8A58BC80}"
EndProject
Project("{FAE04EC0-301F-11D3-BF4B-00C04F79EFBC}") = "Restaurant.ClientServer", "Restaurant.ClientServer\Restaurant.ClientServer.csproj", "{2EB7FC94-7095-496A-AB06-FC97B458B078}"
EndProject
Project("{FAE04EC0-301F-11D3-BF4B-00C04F79EFBC}") = "Restaurant.WebSite.Hubs", "Restaurant.WebSite.Hubs\Restaurant.WebSite.Hubs.csproj", "{D5B9FD28-2CF0-4B41-9D08-B439F96680BD}"
EndProject
Project("{FAE04EC0-301F-11D3-BF4B-00C04F79EFBC}") = "Restaurant.WebSite", "Restaurant.WebSite\Restaurant.WebSite.csproj", "{D3527DCB-39F6-4D72-9D99-19FA4B96F42F}"
EndProject
Project("{FAE04EC0-301F-11D3-BF4B-00C04F79EFBC}") = "Restaurant.WebSite.Sender", "Restaurant.WebSite.Sender\Restaurant.WebSite.Sender.csproj", "{1666D56B-2353-45F3-9889-02C3BE50DAE3}"
EndProject
Global
	GlobalSection(SolutionConfigurationPlatforms) = preSolution
		Debug|Any CPU = Debug|Any CPU
		Release|Any CPU = Release|Any CPU
	EndGlobalSection
	GlobalSection(ProjectConfigurationPlatforms) = postSolution
		{E3ACC081-42C1-49A0-A6E4-6B0BEB6DF258}.Debug|Any CPU.ActiveCfg = Debug|Any CPU
		{E3ACC081-42C1-49A0-A6E4-6B0BEB6DF258}.Debug|Any CPU.Build.0 = Debug|Any CPU
		{E3ACC081-42C1-49A0-A6E4-6B0BEB6DF258}.Release|Any CPU.ActiveCfg = Release|Any CPU
		{E3ACC081-42C1-49A0-A6E4-6B0BEB6DF258}.Release|Any CPU.Build.0 = Release|Any CPU
		{5330D4F0-F067-4083-A744-DAA75FB69BFB}.Debug|Any CPU.ActiveCfg = Debug|Any CPU
		{5330D4F0-F067-4083-A744-DAA75FB69BFB}.Debug|Any CPU.Build.0 = Debug|Any CPU
		{5330D4F0-F067-4083-A744-DAA75FB69BFB}.Release|Any CPU.ActiveCfg = Release|Any CPU
		{5330D4F0-F067-4083-A744-DAA75FB69BFB}.Release|Any CPU.Build.0 = Release|Any CPU
		{D897C51A-868D-4059-9D7D-83660EAF943C}.Debug|Any CPU.ActiveCfg = Debug|Any CPU
		{D897C51A-868D-4059-9D7D-83660EAF943C}.Debug|Any CPU.Build.0 = Debug|Any CPU
		{D897C51A-868D-4059-9D7D-83660EAF943C}.Release|Any CPU.ActiveCfg = Release|Any CPU
		{D897C51A-868D-4059-9D7D-83660EAF943C}.Release|Any CPU.Build.0 = Release|Any CPU
		{B6F803C2-D981-4562-B3C2-0A1202BAFF34}.Debug|Any CPU.ActiveCfg = Debug|Any CPU
		{B6F803C2-D981-4562-B3C2-0A1202BAFF34}.Debug|Any CPU.Build.0 = Debug|Any CPU
		{B6F803C2-D981-4562-B3C2-0A1202BAFF34}.Release|Any CPU.ActiveCfg = Release|Any CPU
		{B6F803C2-D981-4562-B3C2-0A1202BAFF34}.Release|Any CPU.Build.0 = Release|Any CPU
		{96F688D1-E01B-49E8-BFA0-209F8A58BC80}.Debug|Any CPU.ActiveCfg = Debug|Any CPU
		{96F688D1-E01B-49E8-BFA0-209F8A58BC80}.Debug|Any CPU.Build.0 = Debug|Any CPU
		{96F688D1-E01B-49E8-BFA0-209F8A58BC80}.Release|Any CPU.ActiveCfg = Release|Any CPU
		{96F688D1-E01B-49E8-BFA0-209F8A58BC80}.Release|Any CPU.Build.0 = Release|Any CPU
		{2EB7FC94-7095-496A-AB06-FC97B458B078}.Debug|Any CPU.ActiveCfg = Debug|Any CPU
		{2EB7FC94-7095-496A-AB06-FC97B458B078}.Debug|Any CPU.Build.0 = Debug|Any CPU
		{2EB7FC94-7095-496A-AB06-FC97B458B078}.Release|Any CPU.ActiveCfg = Release|Any CPU
		{2EB7FC94-7095-496A-AB06-FC97B458B078}.Release|Any CPU.Build.0 = Release|Any CPU
		{D5B9FD28-2CF0-4B41-9D08-B439F96680BD}.Debug|Any CPU.ActiveCfg = Debug|Any CPU
		{D5B9FD28-2CF0-4B41-9D08-B439F96680BD}.Debug|Any CPU.Build.0 = Debug|Any CPU
		{D5B9FD28-2CF0-4B41-9D08-B439F96680BD}.Release|Any CPU.ActiveCfg = Release|Any CPU
		{D5B9FD28-2CF0-4B41-9D08-B439F96680BD}.Release|Any CPU.Build.0 = Release|Any CPU
		{D3527DCB-39F6-4D72-9D99-19FA4B96F42F}.Debug|Any CPU.ActiveCfg = Debug|Any CPU
		{D3527DCB-39F6-4D72-9D99-19FA4B96F42F}.Debug|Any CPU.Build.0 = Debug|Any CPU
		{D3527DCB-39F6-4D72-9D99-19FA4B96F42F}.Release|Any CPU.ActiveCfg = Release|Any CPU
		{D3527DCB-39F6-4D72-9D99-19FA4B96F42F}.Release|Any CPU.Build.0 = Release|Any CPU
		{1666D56B-2353-45F3-9889-02C3BE50DAE3}.Debug|Any CPU.ActiveCfg = Debug|Any CPU
		{1666D56B-2353-45F3-9889-02C3BE50DAE3}.Debug|Any CPU.Build.0 = Debug|Any CPU
		{1666D56B-2353-45F3-9889-02C3BE50DAE3}.Release|Any CPU.ActiveCfg = Release|Any CPU
		{1666D56B-2353-45F3-9889-02C3BE50DAE3}.Release|Any CPU.Build.0 = Release|Any CPU
	EndGlobalSection
EndGlobal
